
Microsoft Visual Studio Solution File, Format Version 12.00
Project("{FAE04EC0-301F-11D3-BF4B-00C04F79EFBC}") = "Api", "Api\Api.csproj", "{2CE2A513-37F2-4BDB-91EB-1C3936D2FB59}"
EndProject
Project("{FAE04EC0-301F-11D3-BF4B-00C04F79EFBC}") = "Tests", "Tests\Tests.csproj", "{BF329317-416E-4109-90D9-547BEDD57F52}"
EndProject
Global
	GlobalSection(SolutionConfigurationPlatforms) = preSolution
		Debug|Any CPU = Debug|Any CPU
		Release|Any CPU = Release|Any CPU
	EndGlobalSection
	GlobalSection(ProjectConfigurationPlatforms) = postSolution
		{2CE2A513-37F2-4BDB-91EB-1C3936D2FB59}.Debug|Any CPU.ActiveCfg = Debug|Any CPU
		{2CE2A513-37F2-4BDB-91EB-1C3936D2FB59}.Debug|Any CPU.Build.0 = Debug|Any CPU
		{2CE2A513-37F2-4BDB-91EB-1C3936D2FB59}.Release|Any CPU.ActiveCfg = Release|Any CPU
		{2CE2A513-37F2-4BDB-91EB-1C3936D2FB59}.Release|Any CPU.Build.0 = Release|Any CPU
		{BF329317-416E-4109-90D9-547BEDD57F52}.Debug|Any CPU.ActiveCfg = Debug|Any CPU
		{BF329317-416E-4109-90D9-547BEDD57F52}.Debug|Any CPU.Build.0 = Debug|Any CPU
		{BF329317-416E-4109-90D9-547BEDD57F52}.Release|Any CPU.ActiveCfg = Release|Any CPU
		{BF329317-416E-4109-90D9-547BEDD57F52}.Release|Any CPU.Build.0 = Release|Any CPU
	EndGlobalSection
EndGlobal
